
Microsoft Visual Studio Solution File, Format Version 12.00
# Visual Studio Version 17
VisualStudioVersion = 17.0.31903.59
MinimumVisualStudioVersion = 10.0.40219.1
Project("{2150E333-8FDC-42A3-9474-1A3956D46DE8}") = "src", "src", "{02EA681E-C7D8-13C7-8484-4AC65E1B71E8}"
EndProject
Project("{FAE04EC0-301F-11D3-BF4B-00C04F79EFBC}") = "Nexus.Crypto.SDK", "src\Nexus.Crypto.SDK\Nexus.Crypto.SDK.csproj", "{0F47BF3C-09B1-024D-95C9-DD81B14485B4}"
EndProject
Project("{FAE04EC0-301F-11D3-BF4B-00C04F79EFBC}") = "Nexus.Crypto.SDK.Tests", "tests\Nexus.Crypto.SDK.Tests\Nexus.Crypto.SDK.Tests.csproj", "{C246954B-B3AF-35B0-7AD6-F0A49E1E3229}"
EndProject
Project("{2150E333-8FDC-42A3-9474-1A3956D46DE8}") = "tests", "tests", "{FD293C05-587C-4A49-A388-48979B04D59C}"
EndProject
Project("{2150E333-8FDC-42A3-9474-1A3956D46DE8}") = "Solution Items", "Solution Items", "{8EC462FD-D22E-90A8-E5CE-7E832BA40C5D}"
	ProjectSection(SolutionItems) = preProject
		.editorconfig = .editorconfig
		.gitignore = .gitignore
		global.json = global.json
		LICENSE = LICENSE
	EndProjectSection
EndProject
Project("{2150E333-8FDC-42A3-9474-1A3956D46DE8}") = "samples", "samples", "{A3178A1A-3774-40FA-B2BE-062D27A6E7AA}"
EndProject
Project("{FAE04EC0-301F-11D3-BF4B-00C04F79EFBC}") = "SdkWebSample", "samples\SdkWebSample\SdkWebSample.csproj", "{A4A24520-331C-40A0-AE3D-C4F9A0350409}"
EndProject
Global
	GlobalSection(SolutionConfigurationPlatforms) = preSolution
		Debug|Any CPU = Debug|Any CPU
		Release|Any CPU = Release|Any CPU
	EndGlobalSection
	GlobalSection(ProjectConfigurationPlatforms) = postSolution
		{0F47BF3C-09B1-024D-95C9-DD81B14485B4}.Debug|Any CPU.ActiveCfg = Debug|Any CPU
		{0F47BF3C-09B1-024D-95C9-DD81B14485B4}.Debug|Any CPU.Build.0 = Debug|Any CPU
		{0F47BF3C-09B1-024D-95C9-DD81B14485B4}.Release|Any CPU.ActiveCfg = Release|Any CPU
		{0F47BF3C-09B1-024D-95C9-DD81B14485B4}.Release|Any CPU.Build.0 = Release|Any CPU
		{C246954B-B3AF-35B0-7AD6-F0A49E1E3229}.Debug|Any CPU.ActiveCfg = Debug|Any CPU
		{C246954B-B3AF-35B0-7AD6-F0A49E1E3229}.Debug|Any CPU.Build.0 = Debug|Any CPU
		{C246954B-B3AF-35B0-7AD6-F0A49E1E3229}.Release|Any CPU.ActiveCfg = Release|Any CPU
		{C246954B-B3AF-35B0-7AD6-F0A49E1E3229}.Release|Any CPU.Build.0 = Release|Any CPU
		{A4A24520-331C-40A0-AE3D-C4F9A0350409}.Debug|Any CPU.ActiveCfg = Debug|Any CPU
		{A4A24520-331C-40A0-AE3D-C4F9A0350409}.Debug|Any CPU.Build.0 = Debug|Any CPU
		{A4A24520-331C-40A0-AE3D-C4F9A0350409}.Release|Any CPU.ActiveCfg = Release|Any CPU
		{A4A24520-331C-40A0-AE3D-C4F9A0350409}.Release|Any CPU.Build.0 = Release|Any CPU
	EndGlobalSection
	GlobalSection(SolutionProperties) = preSolution
		HideSolutionNode = FALSE
	EndGlobalSection
	GlobalSection(NestedProjects) = preSolution
		{0F47BF3C-09B1-024D-95C9-DD81B14485B4} = {02EA681E-C7D8-13C7-8484-4AC65E1B71E8}
		{C246954B-B3AF-35B0-7AD6-F0A49E1E3229} = {FD293C05-587C-4A49-A388-48979B04D59C}
		{A4A24520-331C-40A0-AE3D-C4F9A0350409} = {A3178A1A-3774-40FA-B2BE-062D27A6E7AA}
	EndGlobalSection
	GlobalSection(ExtensibilityGlobals) = postSolution
		SolutionGuid = {BDB3EE4E-7A74-4D2F-8D3D-E9FC43CDE0F4}
	EndGlobalSection
EndGlobal
